# THIS IS AN AUTOGENERATED FILE. DO NOT EDIT THIS FILE DIRECTLY.
# yarn lockfile v1


"@types/estree@*":
  version "0.0.42"
  resolved "https://registry.npm.taobao.org/@types/estree/download/@types/estree-0.0.42.tgz#8d0c1f480339efedb3e46070e22dd63e0430dd11"
  integrity sha1-jQwfSAM57+2z5GBw4i3WPgQw3RE=

"@types/node@*":
  version "13.7.1"
  resolved "https://registry.npm.taobao.org/@types/node/download/@types/node-13.7.1.tgz#238eb34a66431b71d2aaddeaa7db166f25971a0d"
  integrity sha1-I46zSmZDG3HSqt3qp9sWbyWXGg0=

acorn@^7.1.0:
  version "7.1.0"
  resolved "https://registry.npm.taobao.org/acorn/download/acorn-7.1.0.tgz#949d36f2c292535da602283586c2477c57eb2d6c"
  integrity sha1-lJ028sKSU12mAig1hsJHfFfrLWw=

rollup@^1.31.0:
  version "1.31.0"
  resolved "https://registry.npm.taobao.org/rollup/download/rollup-1.31.0.tgz?cache=0&sync_timestamp=1580452414800&other_urls=https%3A%2F%2Fregistry.npm.taobao.org%2Frollup%2Fdownload%2Frollup-1.31.0.tgz#e2a87212e96aa7850f3eb53fdd02cf89f2d2fe9a"
  integrity sha1-4qhyEulqp4UPPrU/3QLPifLS/po=
  dependencies:
    "@types/estree" "*"
    "@types/node" "*"
    acorn "^7.1.0"
